// !$*UTF8*$!
{
	archiveVersion = 1;
	classes = {
	};
	objectVersion = 51;
	objects = {

/* Begin PBXBuildFile section */
		0094CDD7251F2EBB007ECBBE /* AppDelegate.swift in Sources */ = {isa = PBXBuildFile; fileRef = 0094CDD6251F2EBB007ECBBE /* AppDelegate.swift */; };
		0094CDD9251F2EBB007ECBBE /* SceneDelegate.swift in Sources */ = {isa = PBXBuildFile; fileRef = 0094CDD8251F2EBB007ECBBE /* SceneDelegate.swift */; };
		0094CDDE251F2EBB007ECBBE /* Main.storyboard in Resources */ = {isa = PBXBuildFile; fileRef = 0094CDDC251F2EBB007ECBBE /* Main.storyboard */; };
		0094CDE0251F2EBF007ECBBE /* Assets.xcassets in Resources */ = {isa = PBXBuildFile; fileRef = 0094CDDF251F2EBF007ECBBE /* Assets.xcassets */; };
		0094CDE3251F2EBF007ECBBE /* LaunchScreen.storyboard in Resources */ = {isa = PBXBuildFile; fileRef = 0094CDE1251F2EBF007ECBBE /* LaunchScreen.storyboard */; };
		0094CDF2251F300E007ECBBE /* MovieViewController.swift in Sources */ = {isa = PBXBuildFile; fileRef = 0094CDF1251F300E007ECBBE /* MovieViewController.swift */; };
		0094CDF4251F3120007ECBBE /* Movie.swift in Sources */ = {isa = PBXBuildFile; fileRef = 0094CDF3251F3120007ECBBE /* Movie.swift */; };
		0094CDF6251F3156007ECBBE /* NetworkManager.swift in Sources */ = {isa = PBXBuildFile; fileRef = 0094CDF5251F3156007ECBBE /* NetworkManager.swift */; };
		0094CDF8251F3171007ECBBE /* NetworkResponse.swift in Sources */ = {isa = PBXBuildFile; fileRef = 0094CDF7251F3171007ECBBE /* NetworkResponse.swift */; };
		0094CDFA251F317D007ECBBE /* NetworkError.swift in Sources */ = {isa = PBXBuildFile; fileRef = 0094CDF9251F317D007ECBBE /* NetworkError.swift */; };
		0094CDFC251F3198007ECBBE /* Endpoints.swift in Sources */ = {isa = PBXBuildFile; fileRef = 0094CDFB251F3198007ECBBE /* Endpoints.swift */; };
		0094CE03251F3229007ECBBE /* Constants.swift in Sources */ = {isa = PBXBuildFile; fileRef = 0094CE02251F3229007ECBBE /* Constants.swift */; };
		0094CE05251F34DB007ECBBE /* TvShowViewController.swift in Sources */ = {isa = PBXBuildFile; fileRef = 0094CE04251F34DB007ECBBE /* TvShowViewController.swift */; };
		0094CE0B251F3B50007ECBBE /* MovieViewModel.swift in Sources */ = {isa = PBXBuildFile; fileRef = 0094CE0A251F3B50007ECBBE /* MovieViewModel.swift */; };
		0094CE0D251F4360007ECBBE /* TvShowViewModel.swift in Sources */ = {isa = PBXBuildFile; fileRef = 0094CE0C251F4360007ECBBE /* TvShowViewModel.swift */; };
		0094CE0F251F4397007ECBBE /* TvShow.swift in Sources */ = {isa = PBXBuildFile; fileRef = 0094CE0E251F4397007ECBBE /* TvShow.swift */; };
		0094CE12251F5360007ECBBE /* CustomCell.swift in Sources */ = {isa = PBXBuildFile; fileRef = 0094CE10251F5360007ECBBE /* CustomCell.swift */; };
		0094CE13251F5360007ECBBE /* CustomCell.xib in Resources */ = {isa = PBXBuildFile; fileRef = 0094CE11251F5360007ECBBE /* CustomCell.xib */; };
		0094CE15251F7AF8007ECBBE /* DetailsViewController.swift in Sources */ = {isa = PBXBuildFile; fileRef = 0094CE14251F7AF8007ECBBE /* DetailsViewController.swift */; };
		0094CE17251F7B09007ECBBE /* DetailViewModel.swift in Sources */ = {isa = PBXBuildFile; fileRef = 0094CE16251F7B08007ECBBE /* DetailViewModel.swift */; };
		0094CE19251F7C6B007ECBBE /* MovieDetails.swift in Sources */ = {isa = PBXBuildFile; fileRef = 0094CE18251F7C6B007ECBBE /* MovieDetails.swift */; };
		0094CE1D251FA16C007ECBBE /* ListType.swift in Sources */ = {isa = PBXBuildFile; fileRef = 0094CE1C251FA16C007ECBBE /* ListType.swift */; };
		0094CE1F251FA56B007ECBBE /* MovieCast.swift in Sources */ = {isa = PBXBuildFile; fileRef = 0094CE1E251FA56B007ECBBE /* MovieCast.swift */; };
		0094CE23251FC155007ECBBE /* TvShowDetails.swift in Sources */ = {isa = PBXBuildFile; fileRef = 0094CE22251FC155007ECBBE /* TvShowDetails.swift */; };
		0094CE25251FC15F007ECBBE /* TvShowCast.swift in Sources */ = {isa = PBXBuildFile; fileRef = 0094CE24251FC15F007ECBBE /* TvShowCast.swift */; };
		0094CE2E251FC954007ECBBE /* DetailCell.swift in Sources */ = {isa = PBXBuildFile; fileRef = 0094CE2C251FC953007ECBBE /* DetailCell.swift */; };
		0094CE2F251FC954007ECBBE /* DetailCell.xib in Resources */ = {isa = PBXBuildFile; fileRef = 0094CE2D251FC954007ECBBE /* DetailCell.xib */; };
		0094CE3425208370007ECBBE /* CastCell.swift in Sources */ = {isa = PBXBuildFile; fileRef = 0094CE3225208370007ECBBE /* CastCell.swift */; };
		0094CE3525208370007ECBBE /* CastCell.xib in Resources */ = {isa = PBXBuildFile; fileRef = 0094CE3325208370007ECBBE /* CastCell.xib */; };
		0094CE3A25208425007ECBBE /* CastCollectionViewCell.swift in Sources */ = {isa = PBXBuildFile; fileRef = 0094CE3825208424007ECBBE /* CastCollectionViewCell.swift */; };
		0094CE3B25208425007ECBBE /* CastCollectionViewCell.xib in Resources */ = {isa = PBXBuildFile; fileRef = 0094CE3925208424007ECBBE /* CastCollectionViewCell.xib */; };
		0094CE47252112BB007ECBBE /* MoviesTests.swift in Sources */ = {isa = PBXBuildFile; fileRef = 0094CE46252112BB007ECBBE /* MoviesTests.swift */; };
		0094CE50252113BD007ECBBE /* movie.json in Resources */ = {isa = PBXBuildFile; fileRef = 0094CE4F252113BD007ECBBE /* movie.json */; };
		81B67D0403CFED5298B4CF1C /* Pods_Movies.framework in Frameworks */ = {isa = PBXBuildFile; fileRef = 720E8023F957A68265056EB3 /* Pods_Movies.framework */; };
/* End PBXBuildFile section */

/* Begin PBXContainerItemProxy section */
		0094CE49252112BB007ECBBE /* PBXContainerItemProxy */ = {
			isa = PBXContainerItemProxy;
			containerPortal = 0094CDCB251F2EBB007ECBBE /* Project object */;
			proxyType = 1;
			remoteGlobalIDString = 0094CDD2251F2EBB007ECBBE;
			remoteInfo = Movies;
		};
/* End PBXContainerItemProxy section */

/* Begin PBXFileReference section */
		0094CDD3251F2EBB007ECBBE /* Movies.app */ = {isa = PBXFileReference; explicitFileType = wrapper.application; includeInIndex = 0; path = Movies.app; sourceTree = BUILT_PRODUCTS_DIR; };
		0094CDD6251F2EBB007ECBBE /* AppDelegate.swift */ = {isa = PBXFileReference; lastKnownFileType = sourcecode.swift; path = AppDelegate.swift; sourceTree = "<group>"; };
		0094CDD8251F2EBB007ECBBE /* SceneDelegate.swift */ = {isa = PBXFileReference; lastKnownFileType = sourcecode.swift; path = SceneDelegate.swift; sourceTree = "<group>"; };
		0094CDDD251F2EBB007ECBBE /* Base */ = {isa = PBXFileReference; lastKnownFileType = file.storyboard; name = Base; path = Base.lproj/Main.storyboard; sourceTree = "<group>"; };
		0094CDDF251F2EBF007ECBBE /* Assets.xcassets */ = {isa = PBXFileReference; lastKnownFileType = folder.assetcatalog; path = Assets.xcassets; sourceTree = "<group>"; };
		0094CDE2251F2EBF007ECBBE /* Base */ = {isa = PBXFileReference; lastKnownFileType = file.storyboard; name = Base; path = Base.lproj/LaunchScreen.storyboard; sourceTree = "<group>"; };
		0094CDE4251F2EBF007ECBBE /* Info.plist */ = {isa = PBXFileReference; lastKnownFileType = text.plist.xml; path = Info.plist; sourceTree = "<group>"; };
		0094CDF1251F300E007ECBBE /* MovieViewController.swift */ = {isa = PBXFileReference; lastKnownFileType = sourcecode.swift; path = MovieViewController.swift; sourceTree = "<group>"; };
		0094CDF3251F3120007ECBBE /* Movie.swift */ = {isa = PBXFileReference; lastKnownFileType = sourcecode.swift; path = Movie.swift; sourceTree = "<group>"; };
		0094CDF5251F3156007ECBBE /* NetworkManager.swift */ = {isa = PBXFileReference; lastKnownFileType = sourcecode.swift; path = NetworkManager.swift; sourceTree = "<group>"; };
		0094CDF7251F3171007ECBBE /* NetworkResponse.swift */ = {isa = PBXFileReference; lastKnownFileType = sourcecode.swift; path = NetworkResponse.swift; sourceTree = "<group>"; };
		0094CDF9251F317D007ECBBE /* NetworkError.swift */ = {isa = PBXFileReference; lastKnownFileType = sourcecode.swift; path = NetworkError.swift; sourceTree = "<group>"; };
		0094CDFB251F3198007ECBBE /* Endpoints.swift */ = {isa = PBXFileReference; lastKnownFileType = sourcecode.swift; path = Endpoints.swift; sourceTree = "<group>"; };
		0094CE02251F3229007ECBBE /* Constants.swift */ = {isa = PBXFileReference; lastKnownFileType = sourcecode.swift; path = Constants.swift; sourceTree = "<group>"; };
		0094CE04251F34DB007ECBBE /* TvShowViewController.swift */ = {isa = PBXFileReference; lastKnownFileType = sourcecode.swift; path = TvShowViewController.swift; sourceTree = "<group>"; };
		0094CE0A251F3B50007ECBBE /* MovieViewModel.swift */ = {isa = PBXFileReference; lastKnownFileType = sourcecode.swift; path = MovieViewModel.swift; sourceTree = "<group>"; };
		0094CE0C251F4360007ECBBE /* TvShowViewModel.swift */ = {isa = PBXFileReference; lastKnownFileType = sourcecode.swift; path = TvShowViewModel.swift; sourceTree = "<group>"; };
		0094CE0E251F4397007ECBBE /* TvShow.swift */ = {isa = PBXFileReference; lastKnownFileType = sourcecode.swift; path = TvShow.swift; sourceTree = "<group>"; };
		0094CE10251F5360007ECBBE /* CustomCell.swift */ = {isa = PBXFileReference; lastKnownFileType = sourcecode.swift; path = CustomCell.swift; sourceTree = "<group>"; };
		0094CE11251F5360007ECBBE /* CustomCell.xib */ = {isa = PBXFileReference; lastKnownFileType = file.xib; path = CustomCell.xib; sourceTree = "<group>"; };
		0094CE14251F7AF8007ECBBE /* DetailsViewController.swift */ = {isa = PBXFileReference; lastKnownFileType = sourcecode.swift; path = DetailsViewController.swift; sourceTree = "<group>"; };
		0094CE16251F7B08007ECBBE /* DetailViewModel.swift */ = {isa = PBXFileReference; lastKnownFileType = sourcecode.swift; path = DetailViewModel.swift; sourceTree = "<group>"; };
		0094CE18251F7C6B007ECBBE /* MovieDetails.swift */ = {isa = PBXFileReference; lastKnownFileType = sourcecode.swift; path = MovieDetails.swift; sourceTree = "<group>"; };
		0094CE1C251FA16C007ECBBE /* ListType.swift */ = {isa = PBXFileReference; lastKnownFileType = sourcecode.swift; path = ListType.swift; sourceTree = "<group>"; };
		0094CE1E251FA56B007ECBBE /* MovieCast.swift */ = {isa = PBXFileReference; lastKnownFileType = sourcecode.swift; path = MovieCast.swift; sourceTree = "<group>"; };
		0094CE22251FC155007ECBBE /* TvShowDetails.swift */ = {isa = PBXFileReference; lastKnownFileType = sourcecode.swift; path = TvShowDetails.swift; sourceTree = "<group>"; };
		0094CE24251FC15F007ECBBE /* TvShowCast.swift */ = {isa = PBXFileReference; lastKnownFileType = sourcecode.swift; path = TvShowCast.swift; sourceTree = "<group>"; };
		0094CE2C251FC953007ECBBE /* DetailCell.swift */ = {isa = PBXFileReference; lastKnownFileType = sourcecode.swift; path = DetailCell.swift; sourceTree = "<group>"; };
		0094CE2D251FC954007ECBBE /* DetailCell.xib */ = {isa = PBXFileReference; lastKnownFileType = file.xib; path = DetailCell.xib; sourceTree = "<group>"; };
		0094CE3225208370007ECBBE /* CastCell.swift */ = {isa = PBXFileReference; lastKnownFileType = sourcecode.swift; path = CastCell.swift; sourceTree = "<group>"; };
		0094CE3325208370007ECBBE /* CastCell.xib */ = {isa = PBXFileReference; lastKnownFileType = file.xib; path = CastCell.xib; sourceTree = "<group>"; };
		0094CE3825208424007ECBBE /* CastCollectionViewCell.swift */ = {isa = PBXFileReference; lastKnownFileType = sourcecode.swift; path = CastCollectionViewCell.swift; sourceTree = "<group>"; };
		0094CE3925208424007ECBBE /* CastCollectionViewCell.xib */ = {isa = PBXFileReference; lastKnownFileType = file.xib; path = CastCollectionViewCell.xib; sourceTree = "<group>"; };
		0094CE44252112BB007ECBBE /* MoviesTests.xctest */ = {isa = PBXFileReference; explicitFileType = wrapper.cfbundle; includeInIndex = 0; path = MoviesTests.xctest; sourceTree = BUILT_PRODUCTS_DIR; };
		0094CE46252112BB007ECBBE /* MoviesTests.swift */ = {isa = PBXFileReference; lastKnownFileType = sourcecode.swift; path = MoviesTests.swift; sourceTree = "<group>"; };
		0094CE48252112BB007ECBBE /* Info.plist */ = {isa = PBXFileReference; lastKnownFileType = text.plist.xml; path = Info.plist; sourceTree = "<group>"; };
		0094CE4F252113BD007ECBBE /* movie.json */ = {isa = PBXFileReference; fileEncoding = 4; lastKnownFileType = text.json; path = movie.json; sourceTree = "<group>"; };
		720E8023F957A68265056EB3 /* Pods_Movies.framework */ = {isa = PBXFileReference; explicitFileType = wrapper.framework; includeInIndex = 0; path = Pods_Movies.framework; sourceTree = BUILT_PRODUCTS_DIR; };
		C7AA82D41BD67D2E35BB7181 /* Pods-Movies.debug.xcconfig */ = {isa = PBXFileReference; includeInIndex = 1; lastKnownFileType = text.xcconfig; name = "Pods-Movies.debug.xcconfig"; path = "Target Support Files/Pods-Movies/Pods-Movies.debug.xcconfig"; sourceTree = "<group>"; };
		F00DF8471D80B316C5A2ADDF /* Pods-Movies.release.xcconfig */ = {isa = PBXFileReference; includeInIndex = 1; lastKnownFileType = text.xcconfig; name = "Pods-Movies.release.xcconfig"; path = "Target Support Files/Pods-Movies/Pods-Movies.release.xcconfig"; sourceTree = "<group>"; };
/* End PBXFileReference section */

/* Begin PBXFrameworksBuildPhase section */
		0094CDD0251F2EBB007ECBBE /* Frameworks */ = {
			isa = PBXFrameworksBuildPhase;
			buildActionMask = 2147483647;
			files = (
				81B67D0403CFED5298B4CF1C /* Pods_Movies.framework in Frameworks */,
			);
			runOnlyForDeploymentPostprocessing = 0;
		};
		0094CE41252112BB007ECBBE /* Frameworks */ = {
			isa = PBXFrameworksBuildPhase;
			buildActionMask = 2147483647;
			files = (
			);
			runOnlyForDeploymentPostprocessing = 0;
		};
/* End PBXFrameworksBuildPhase section */

/* Begin PBXGroup section */
		0094CDCA251F2EBB007ECBBE = {
			isa = PBXGroup;
			children = (
				0094CDD5251F2EBB007ECBBE /* Movies */,
				0094CE45252112BB007ECBBE /* MoviesTests */,
				0094CDD4251F2EBB007ECBBE /* Products */,
				321FFB3DF6A716FB2EBEF1E4 /* Pods */,
				F52BEB5426244B7D7A353741 /* Frameworks */,
			);
			sourceTree = "<group>";
		};
		0094CDD4251F2EBB007ECBBE /* Products */ = {
			isa = PBXGroup;
			children = (
				0094CDD3251F2EBB007ECBBE /* Movies.app */,
				0094CE44252112BB007ECBBE /* MoviesTests.xctest */,
			);
			name = Products;
			sourceTree = "<group>";
		};
		0094CDD5251F2EBB007ECBBE /* Movies */ = {
			isa = PBXGroup;
			children = (
				0094CDEA251F2ECA007ECBBE /* Application */,
				0094CE01251F321C007ECBBE /* Helpers */,
				0094CDEF251F2FA3007ECBBE /* WebService */,
				0094CDEE251F2F61007ECBBE /* Model */,
				0094CDEC251F2F40007ECBBE /* View */,
				0094CDED251F2F46007ECBBE /* ViewModel */,
			);
			path = Movies;
			sourceTree = "<group>";
		};
		0094CDEA251F2ECA007ECBBE /* Application */ = {
			isa = PBXGroup;
			children = (
				0094CDDF251F2EBF007ECBBE /* Assets.xcassets */,
				0094CDD6251F2EBB007ECBBE /* AppDelegate.swift */,
				0094CDD8251F2EBB007ECBBE /* SceneDelegate.swift */,
				0094CDE4251F2EBF007ECBBE /* Info.plist */,
			);
			name = Application;
			sourceTree = "<group>";
		};
		0094CDEC251F2F40007ECBBE /* View */ = {
			isa = PBXGroup;
			children = (
				0094CDF0251F2FE2007ECBBE /* Storyboards */,
				0094CE2A251FC483007ECBBE /* Movies */,
				0094CE2B251FC48B007ECBBE /* TvShows */,
				0094CE3C25210C95007ECBBE /* DetailPage */,
				0094CE06251F358E007ECBBE /* Cells */,
			);
			path = View;
			sourceTree = "<group>";
		};
		0094CDED251F2F46007ECBBE /* ViewModel */ = {
			isa = PBXGroup;
			children = (
				0094CE0A251F3B50007ECBBE /* MovieViewModel.swift */,
				0094CE0C251F4360007ECBBE /* TvShowViewModel.swift */,
				0094CE16251F7B08007ECBBE /* DetailViewModel.swift */,
			);
			path = ViewModel;
			sourceTree = "<group>";
		};
		0094CDEE251F2F61007ECBBE /* Model */ = {
			isa = PBXGroup;
			children = (
				0094CDF3251F3120007ECBBE /* Movie.swift */,
				0094CE0E251F4397007ECBBE /* TvShow.swift */,
				0094CE18251F7C6B007ECBBE /* MovieDetails.swift */,
				0094CE1E251FA56B007ECBBE /* MovieCast.swift */,
				0094CE22251FC155007ECBBE /* TvShowDetails.swift */,
				0094CE24251FC15F007ECBBE /* TvShowCast.swift */,
			);
			path = Model;
			sourceTree = "<group>";
		};
		0094CDEF251F2FA3007ECBBE /* WebService */ = {
			isa = PBXGroup;
			children = (
				0094CDF5251F3156007ECBBE /* NetworkManager.swift */,
				0094CDF7251F3171007ECBBE /* NetworkResponse.swift */,
				0094CDF9251F317D007ECBBE /* NetworkError.swift */,
				0094CDFB251F3198007ECBBE /* Endpoints.swift */,
			);
			path = WebService;
			sourceTree = "<group>";
		};
		0094CDF0251F2FE2007ECBBE /* Storyboards */ = {
			isa = PBXGroup;
			children = (
				0094CDDC251F2EBB007ECBBE /* Main.storyboard */,
				0094CDE1251F2EBF007ECBBE /* LaunchScreen.storyboard */,
			);
			path = Storyboards;
			sourceTree = "<group>";
		};
		0094CE01251F321C007ECBBE /* Helpers */ = {
			isa = PBXGroup;
			children = (
				0094CE02251F3229007ECBBE /* Constants.swift */,
				0094CE1C251FA16C007ECBBE /* ListType.swift */,
			);
			path = Helpers;
			sourceTree = "<group>";
		};
		0094CE06251F358E007ECBBE /* Cells */ = {
			isa = PBXGroup;
			children = (
				0094CE10251F5360007ECBBE /* CustomCell.swift */,
				0094CE11251F5360007ECBBE /* CustomCell.xib */,
				0094CE3D25210E0B007ECBBE /* DetailsPage */,
			);
			path = Cells;
			sourceTree = "<group>";
		};
		0094CE2A251FC483007ECBBE /* Movies */ = {
			isa = PBXGroup;
			children = (
				0094CDF1251F300E007ECBBE /* MovieViewController.swift */,
			);
			path = Movies;
			sourceTree = "<group>";
		};
		0094CE2B251FC48B007ECBBE /* TvShows */ = {
			isa = PBXGroup;
			children = (
				0094CE04251F34DB007ECBBE /* TvShowViewController.swift */,
			);
			path = TvShows;
			sourceTree = "<group>";
		};
		0094CE3C25210C95007ECBBE /* DetailPage */ = {
			isa = PBXGroup;
			children = (
				0094CE14251F7AF8007ECBBE /* DetailsViewController.swift */,
			);
			path = DetailPage;
			sourceTree = "<group>";
		};
		0094CE3D25210E0B007ECBBE /* DetailsPage */ = {
			isa = PBXGroup;
			children = (
				0094CE2C251FC953007ECBBE /* DetailCell.swift */,
				0094CE2D251FC954007ECBBE /* DetailCell.xib */,
				0094CE3225208370007ECBBE /* CastCell.swift */,
				0094CE3325208370007ECBBE /* CastCell.xib */,
				0094CE3825208424007ECBBE /* CastCollectionViewCell.swift */,
				0094CE3925208424007ECBBE /* CastCollectionViewCell.xib */,
			);
			name = DetailsPage;
			sourceTree = "<group>";
		};
		0094CE45252112BB007ECBBE /* MoviesTests */ = {
			isa = PBXGroup;
			children = (
				0094CE4E25211314007ECBBE /* Resources */,
				0094CE46252112BB007ECBBE /* MoviesTests.swift */,
				0094CE48252112BB007ECBBE /* Info.plist */,
			);
			path = MoviesTests;
			sourceTree = "<group>";
		};
		0094CE4E25211314007ECBBE /* Resources */ = {
			isa = PBXGroup;
			children = (
				0094CE4F252113BD007ECBBE /* movie.json */,
			);
			path = Resources;
			sourceTree = "<group>";
		};
		321FFB3DF6A716FB2EBEF1E4 /* Pods */ = {
			isa = PBXGroup;
			children = (
				C7AA82D41BD67D2E35BB7181 /* Pods-Movies.debug.xcconfig */,
				F00DF8471D80B316C5A2ADDF /* Pods-Movies.release.xcconfig */,
			);
			path = Pods;
			sourceTree = "<group>";
		};
		F52BEB5426244B7D7A353741 /* Frameworks */ = {
			isa = PBXGroup;
			children = (
				720E8023F957A68265056EB3 /* Pods_Movies.framework */,
			);
			name = Frameworks;
			sourceTree = "<group>";
		};
/* End PBXGroup section */

/* Begin PBXNativeTarget section */
		0094CDD2251F2EBB007ECBBE /* Movies */ = {
			isa = PBXNativeTarget;
			buildConfigurationList = 0094CDE7251F2EBF007ECBBE /* Build configuration list for PBXNativeTarget "Movies" */;
			buildPhases = (
				6424FB12DA0DEF5C593BFD6E /* [CP] Check Pods Manifest.lock */,
				0094CDCF251F2EBB007ECBBE /* Sources */,
				0094CDD0251F2EBB007ECBBE /* Frameworks */,
				0094CDD1251F2EBB007ECBBE /* Resources */,
				11D7DAE29F1E633D14A14781 /* [CP] Embed Pods Frameworks */,
			);
			buildRules = (
			);
			dependencies = (
			);
			name = Movies;
			productName = Movies;
			productReference = 0094CDD3251F2EBB007ECBBE /* Movies.app */;
			productType = "com.apple.product-type.application";
		};
		0094CE43252112BB007ECBBE /* MoviesTests */ = {
			isa = PBXNativeTarget;
			buildConfigurationList = 0094CE4B252112BB007ECBBE /* Build configuration list for PBXNativeTarget "MoviesTests" */;
			buildPhases = (
				0094CE40252112BB007ECBBE /* Sources */,
				0094CE41252112BB007ECBBE /* Frameworks */,
				0094CE42252112BB007ECBBE /* Resources */,
			);
			buildRules = (
			);
			dependencies = (
				0094CE4A252112BB007ECBBE /* PBXTargetDependency */,
			);
			name = MoviesTests;
			productName = MoviesTests;
			productReference = 0094CE44252112BB007ECBBE /* MoviesTests.xctest */;
			productType = "com.apple.product-type.bundle.unit-test";
		};
/* End PBXNativeTarget section */

/* Begin PBXProject section */
		0094CDCB251F2EBB007ECBBE /* Project object */ = {
			isa = PBXProject;
			attributes = {
				LastSwiftUpdateCheck = 1170;
				LastUpgradeCheck = 1170;
				ORGANIZATIONNAME = "Burak Donat";
				TargetAttributes = {
					0094CDD2251F2EBB007ECBBE = {
						CreatedOnToolsVersion = 11.7;
					};
					0094CE43252112BB007ECBBE = {
						CreatedOnToolsVersion = 11.7;
						TestTargetID = 0094CDD2251F2EBB007ECBBE;
					};
				};
			};
			buildConfigurationList = 0094CDCE251F2EBB007ECBBE /* Build configuration list for PBXProject "Movies" */;
			compatibilityVersion = "Xcode 9.3";
			developmentRegion = en;
			hasScannedForEncodings = 0;
			knownRegions = (
				en,
				Base,
			);
			mainGroup = 0094CDCA251F2EBB007ECBBE;
			productRefGroup = 0094CDD4251F2EBB007ECBBE /* Products */;
			projectDirPath = "";
			projectRoot = "";
			targets = (
				0094CDD2251F2EBB007ECBBE /* Movies */,
				0094CE43252112BB007ECBBE /* MoviesTests */,
			);
		};
/* End PBXProject section */

/* Begin PBXResourcesBuildPhase section */
		0094CDD1251F2EBB007ECBBE /* Resources */ = {
			isa = PBXResourcesBuildPhase;
			buildActionMask = 2147483647;
			files = (
				0094CDE3251F2EBF007ECBBE /* LaunchScreen.storyboard in Resources */,
				0094CE2F251FC954007ECBBE /* DetailCell.xib in Resources */,
				0094CDE0251F2EBF007ECBBE /* Assets.xcassets in Resources */,
				0094CE13251F5360007ECBBE /* CustomCell.xib in Resources */,
				0094CE3525208370007ECBBE /* CastCell.xib in Resources */,
				0094CE3B25208425007ECBBE /* CastCollectionViewCell.xib in Resources */,
				0094CDDE251F2EBB007ECBBE /* Main.storyboard in Resources */,
			);
			runOnlyForDeploymentPostprocessing = 0;
		};
		0094CE42252112BB007ECBBE /* Resources */ = {
			isa = PBXResourcesBuildPhase;
			buildActionMask = 2147483647;
			files = (
				0094CE50252113BD007ECBBE /* movie.json in Resources */,
			);
			runOnlyForDeploymentPostprocessing = 0;
		};
/* End PBXResourcesBuildPhase section */

/* Begin PBXShellScriptBuildPhase section */
		11D7DAE29F1E633D14A14781 /* [CP] Embed Pods Frameworks */ = {
			isa = PBXShellScriptBuildPhase;
			buildActionMask = 2147483647;
			files = (
			);
			inputFileListPaths = (
				"${PODS_ROOT}/Target Support Files/Pods-Movies/Pods-Movies-frameworks-${CONFIGURATION}-input-files.xcfilelist",
			);
			name = "[CP] Embed Pods Frameworks";
			outputFileListPaths = (
				"${PODS_ROOT}/Target Support Files/Pods-Movies/Pods-Movies-frameworks-${CONFIGURATION}-output-files.xcfilelist",
			);
			runOnlyForDeploymentPostprocessing = 0;
			shellPath = /bin/sh;
			shellScript = "\"${PODS_ROOT}/Target Support Files/Pods-Movies/Pods-Movies-frameworks.sh\"\n";
			showEnvVarsInLog = 0;
		};
		6424FB12DA0DEF5C593BFD6E /* [CP] Check Pods Manifest.lock */ = {
			isa = PBXShellScriptBuildPhase;
			buildActionMask = 2147483647;
			files = (
			);
			inputFileListPaths = (
			);
			inputPaths = (
				"${PODS_PODFILE_DIR_PATH}/Podfile.lock",
				"${PODS_ROOT}/Manifest.lock",
			);
			name = "[CP] Check Pods Manifest.lock";
			outputFileListPaths = (
			);
			outputPaths = (
				"$(DERIVED_FILE_DIR)/Pods-Movies-checkManifestLockResult.txt",
			);
			runOnlyForDeploymentPostprocessing = 0;
			shellPath = /bin/sh;
			shellScript = "diff \"${PODS_PODFILE_DIR_PATH}/Podfile.lock\" \"${PODS_ROOT}/Manifest.lock\" > /dev/null\nif [ $? != 0 ] ; then\n    # print error to STDERR\n    echo \"error: The sandbox is not in sync with the Podfile.lock. Run 'pod install' or update your CocoaPods installation.\" >&2\n    exit 1\nfi\n# This output is used by Xcode 'outputs' to avoid re-running this script phase.\necho \"SUCCESS\" > \"${SCRIPT_OUTPUT_FILE_0}\"\n";
			showEnvVarsInLog = 0;
		};
/* End PBXShellScriptBuildPhase section */

/* Begin PBXSourcesBuildPhase section */
		0094CDCF251F2EBB007ECBBE /* Sources */ = {
			isa = PBXSourcesBuildPhase;
			buildActionMask = 2147483647;
			files = (
				0094CE23251FC155007ECBBE /* TvShowDetails.swift in Sources */,
				0094CDD7251F2EBB007ECBBE /* AppDelegate.swift in Sources */,
				0094CDFA251F317D007ECBBE /* NetworkError.swift in Sources */,
				0094CE25251FC15F007ECBBE /* TvShowCast.swift in Sources */,
				0094CE3425208370007ECBBE /* CastCell.swift in Sources */,
				0094CE12251F5360007ECBBE /* CustomCell.swift in Sources */,
				0094CDD9251F2EBB007ECBBE /* SceneDelegate.swift in Sources */,
				0094CDF6251F3156007ECBBE /* NetworkManager.swift in Sources */,
				0094CE05251F34DB007ECBBE /* TvShowViewController.swift in Sources */,
				0094CDF4251F3120007ECBBE /* Movie.swift in Sources */,
				0094CE03251F3229007ECBBE /* Constants.swift in Sources */,
				0094CDF2251F300E007ECBBE /* MovieViewController.swift in Sources */,
				0094CE0D251F4360007ECBBE /* TvShowViewModel.swift in Sources */,
				0094CE17251F7B09007ECBBE /* DetailViewModel.swift in Sources */,
				0094CE1D251FA16C007ECBBE /* ListType.swift in Sources */,
				0094CE2E251FC954007ECBBE /* DetailCell.swift in Sources */,
				0094CE1F251FA56B007ECBBE /* MovieCast.swift in Sources */,
				0094CE3A25208425007ECBBE /* CastCollectionViewCell.swift in Sources */,
				0094CE15251F7AF8007ECBBE /* DetailsViewController.swift in Sources */,
				0094CDFC251F3198007ECBBE /* Endpoints.swift in Sources */,
				0094CE0B251F3B50007ECBBE /* MovieViewModel.swift in Sources */,
				0094CE0F251F4397007ECBBE /* TvShow.swift in Sources */,
				0094CDF8251F3171007ECBBE /* NetworkResponse.swift in Sources */,
				0094CE19251F7C6B007ECBBE /* MovieDetails.swift in Sources */,
			);
			runOnlyForDeploymentPostprocessing = 0;
		};
		0094CE40252112BB007ECBBE /* Sources */ = {
			isa = PBXSourcesBuildPhase;
			buildActionMask = 2147483647;
			files = (
				0094CE47252112BB007ECBBE /* MoviesTests.swift in Sources */,
			);
			runOnlyForDeploymentPostprocessing = 0;
		};
/* End PBXSourcesBuildPhase section */

/* Begin PBXTargetDependency section */
		0094CE4A252112BB007ECBBE /* PBXTargetDependency */ = {
			isa = PBXTargetDependency;
			target = 0094CDD2251F2EBB007ECBBE /* Movies */;
			targetProxy = 0094CE49252112BB007ECBBE /* PBXContainerItemProxy */;
		};
/* End PBXTargetDependency section */

/* Begin PBXVariantGroup section */
		0094CDDC251F2EBB007ECBBE /* Main.storyboard */ = {
			isa = PBXVariantGroup;
			children = (
				0094CDDD251F2EBB007ECBBE /* Base */,
			);
			name = Main.storyboard;
			sourceTree = "<group>";
		};
		0094CDE1251F2EBF007ECBBE /* LaunchScreen.storyboard */ = {
			isa = PBXVariantGroup;
			children = (
				0094CDE2251F2EBF007ECBBE /* Base */,
			);
			name = LaunchScreen.storyboard;
			sourceTree = "<group>";
		};
/* End PBXVariantGroup section */

/* Begin XCBuildConfiguration section */
		0094CDE5251F2EBF007ECBBE /* Debug */ = {
			isa = XCBuildConfiguration;
			buildSettings = {
				ALWAYS_SEARCH_USER_PATHS = NO;
				CLANG_ANALYZER_NONNULL = YES;
				CLANG_ANALYZER_NUMBER_OBJECT_CONVERSION = YES_AGGRESSIVE;
				CLANG_CXX_LANGUAGE_STANDARD = "gnu++14";
				CLANG_CXX_LIBRARY = "libc++";
				CLANG_ENABLE_MODULES = YES;
				CLANG_ENABLE_OBJC_ARC = YES;
				CLANG_ENABLE_OBJC_WEAK = YES;
				CLANG_WARN_BLOCK_CAPTURE_AUTORELEASING = YES;
				CLANG_WARN_BOOL_CONVERSION = YES;
				CLANG_WARN_COMMA = YES;
				CLANG_WARN_CONSTANT_CONVERSION = YES;
				CLANG_WARN_DEPRECATED_OBJC_IMPLEMENTATIONS = YES;
				CLANG_WARN_DIRECT_OBJC_ISA_USAGE = YES_ERROR;
				CLANG_WARN_DOCUMENTATION_COMMENTS = YES;
				CLANG_WARN_EMPTY_BODY = YES;
				CLANG_WARN_ENUM_CONVERSION = YES;
				CLANG_WARN_INFINITE_RECURSION = YES;
				CLANG_WARN_INT_CONVERSION = YES;
				CLANG_WARN_NON_LITERAL_NULL_CONVERSION = YES;
				CLANG_WARN_OBJC_IMPLICIT_RETAIN_SELF = YES;
				CLANG_WARN_OBJC_LITERAL_CONVERSION = YES;
				CLANG_WARN_OBJC_ROOT_CLASS = YES_ERROR;
				CLANG_WARN_RANGE_LOOP_ANALYSIS = YES;
				CLANG_WARN_STRICT_PROTOTYPES = YES;
				CLANG_WARN_SUSPICIOUS_MOVE = YES;
				CLANG_WARN_UNGUARDED_AVAILABILITY = YES_AGGRESSIVE;
				CLANG_WARN_UNREACHABLE_CODE = YES;
				CLANG_WARN__DUPLICATE_METHOD_MATCH = YES;
				COPY_PHASE_STRIP = NO;
				DEBUG_INFORMATION_FORMAT = dwarf;
				ENABLE_STRICT_OBJC_MSGSEND = YES;
				ENABLE_TESTABILITY = YES;
				GCC_C_LANGUAGE_STANDARD = gnu11;
				GCC_DYNAMIC_NO_PIC = NO;
				GCC_NO_COMMON_BLOCKS = YES;
				GCC_OPTIMIZATION_LEVEL = 0;
				GCC_PREPROCESSOR_DEFINITIONS = (
					"DEBUG=1",
					"$(inherited)",
				);
				GCC_WARN_64_TO_32_BIT_CONVERSION = YES;
				GCC_WARN_ABOUT_RETURN_TYPE = YES_ERROR;
				GCC_WARN_UNDECLARED_SELECTOR = YES;
				GCC_WARN_UNINITIALIZED_AUTOS = YES_AGGRESSIVE;
				GCC_WARN_UNUSED_FUNCTION = YES;
				GCC_WARN_UNUSED_VARIABLE = YES;
				IPHONEOS_DEPLOYMENT_TARGET = 13.7;
				MTL_ENABLE_DEBUG_INFO = INCLUDE_SOURCE;
				MTL_FAST_MATH = YES;
				ONLY_ACTIVE_ARCH = YES;
				SDKROOT = iphoneos;
				SWIFT_ACTIVE_COMPILATION_CONDITIONS = DEBUG;
				SWIFT_OPTIMIZATION_LEVEL = "-Onone";
			};
			name = Debug;
		};
		0094CDE6251F2EBF007ECBBE /* Release */ = {
			isa = XCBuildConfiguration;
			buildSettings = {
				ALWAYS_SEARCH_USER_PATHS = NO;
				CLANG_ANALYZER_NONNULL = YES;
				CLANG_ANALYZER_NUMBER_OBJECT_CONVERSION = YES_AGGRESSIVE;
				CLANG_CXX_LANGUAGE_STANDARD = "gnu++14";
				CLANG_CXX_LIBRARY = "libc++";
				CLANG_ENABLE_MODULES = YES;
				CLANG_ENABLE_OBJC_ARC = YES;
				CLANG_ENABLE_OBJC_WEAK = YES;
				CLANG_WARN_BLOCK_CAPTURE_AUTORELEASING = YES;
				CLANG_WARN_BOOL_CONVERSION = YES;
				CLANG_WARN_COMMA = YES;
				CLANG_WARN_CONSTANT_CONVERSION = YES;
				CLANG_WARN_DEPRECATED_OBJC_IMPLEMENTATIONS = YES;
				CLANG_WARN_DIRECT_OBJC_ISA_USAGE = YES_ERROR;
				CLANG_WARN_DOCUMENTATION_COMMENTS = YES;
				CLANG_WARN_EMPTY_BODY = YES;
				CLANG_WARN_ENUM_CONVERSION = YES;
				CLANG_WARN_INFINITE_RECURSION = YES;
				CLANG_WARN_INT_CONVERSION = YES;
				CLANG_WARN_NON_LITERAL_NULL_CONVERSION = YES;
				CLANG_WARN_OBJC_IMPLICIT_RETAIN_SELF = YES;
				CLANG_WARN_OBJC_LITERAL_CONVERSION = YES;
				CLANG_WARN_OBJC_ROOT_CLASS = YES_ERROR;
				CLANG_WARN_RANGE_LOOP_ANALYSIS = YES;
				CLANG_WARN_STRICT_PROTOTYPES = YES;
				CLANG_WARN_SUSPICIOUS_MOVE = YES;
				CLANG_WARN_UNGUARDED_AVAILABILITY = YES_AGGRESSIVE;
				CLANG_WARN_UNREACHABLE_CODE = YES;
				CLANG_WARN__DUPLICATE_METHOD_MATCH = YES;
				COPY_PHASE_STRIP = NO;
				DEBUG_INFORMATION_FORMAT = "dwarf-with-dsym";
				ENABLE_NS_ASSERTIONS = NO;
				ENABLE_STRICT_OBJC_MSGSEND = YES;
				GCC_C_LANGUAGE_STANDARD = gnu11;
				GCC_NO_COMMON_BLOCKS = YES;
				GCC_WARN_64_TO_32_BIT_CONVERSION = YES;
				GCC_WARN_ABOUT_RETURN_TYPE = YES_ERROR;
				GCC_WARN_UNDECLARED_SELECTOR = YES;
				GCC_WARN_UNINITIALIZED_AUTOS = YES_AGGRESSIVE;
				GCC_WARN_UNUSED_FUNCTION = YES;
				GCC_WARN_UNUSED_VARIABLE = YES;
				IPHONEOS_DEPLOYMENT_TARGET = 13.7;
				MTL_ENABLE_DEBUG_INFO = NO;
				MTL_FAST_MATH = YES;
				SDKROOT = iphoneos;
				SWIFT_COMPILATION_MODE = wholemodule;
				SWIFT_OPTIMIZATION_LEVEL = "-O";
				VALIDATE_PRODUCT = YES;
			};
			name = Release;
		};
		0094CDE8251F2EBF007ECBBE /* Debug */ = {
			isa = XCBuildConfiguration;
			baseConfigurationReference = C7AA82D41BD67D2E35BB7181 /* Pods-Movies.debug.xcconfig */;
			buildSettings = {
				ASSETCATALOG_COMPILER_APPICON_NAME = AppIcon;
				CODE_SIGN_STYLE = Automatic;
				DEVELOPMENT_TEAM = V2XV9SF2Z6;
				INFOPLIST_FILE = Movies/Info.plist;
				LD_RUNPATH_SEARCH_PATHS = (
					"$(inherited)",
					"@executable_path/Frameworks",
				);
				PRODUCT_BUNDLE_IDENTIFIER = com.Donat.Movies;
				PRODUCT_NAME = "$(TARGET_NAME)";
				SWIFT_VERSION = 5.0;
				TARGETED_DEVICE_FAMILY = "1,2";
			};
			name = Debug;
		};
		0094CDE9251F2EBF007ECBBE /* Release */ = {
			isa = XCBuildConfiguration;
			baseConfigurationReference = F00DF8471D80B316C5A2ADDF /* Pods-Movies.release.xcconfig */;
			buildSettings = {
				ASSETCATALOG_COMPILER_APPICON_NAME = AppIcon;
				CODE_SIGN_STYLE = Automatic;
				DEVELOPMENT_TEAM = V2XV9SF2Z6;
				INFOPLIST_FILE = Movies/Info.plist;
				LD_RUNPATH_SEARCH_PATHS = (
					"$(inherited)",
					"@executable_path/Frameworks",
				);
				PRODUCT_BUNDLE_IDENTIFIER = com.Donat.Movies;
				PRODUCT_NAME = "$(TARGET_NAME)";
				SWIFT_VERSION = 5.0;
				TARGETED_DEVICE_FAMILY = "1,2";
			};
			name = Release;
		};
		0094CE4C252112BB007ECBBE /* Debug */ = {
			isa = XCBuildConfiguration;
			buildSettings = {
				BUNDLE_LOADER = "$(TEST_HOST)";
				CODE_SIGN_STYLE = Automatic;
				DEVELOPMENT_TEAM = V2XV9SF2Z6;
				INFOPLIST_FILE = MoviesTests/Info.plist;
				LD_RUNPATH_SEARCH_PATHS = (
					"$(inherited)",
					"@executable_path/Frameworks",
					"@loader_path/Frameworks",
				);
				PRODUCT_BUNDLE_IDENTIFIER = com.Donat.MoviesTests;
				PRODUCT_NAME = "$(TARGET_NAME)";
				SWIFT_VERSION = 5.0;
				TARGETED_DEVICE_FAMILY = "1,2";
				TEST_HOST = "$(BUILT_PRODUCTS_DIR)/Movies.app/Movies";
			};
			name = Debug;
		};
		0094CE4D252112BB007ECBBE /* Release */ = {
			isa = XCBuildConfiguration;
			buildSettings = {
				BUNDLE_LOADER = "$(TEST_HOST)";
				CODE_SIGN_STYLE = Automatic;
				DEVELOPMENT_TEAM = V2XV9SF2Z6;
				INFOPLIST_FILE = MoviesTests/Info.plist;
				LD_RUNPATH_SEARCH_PATHS = (
					"$(inherited)",
					"@executable_path/Frameworks",
					"@loader_path/Frameworks",
				);
				PRODUCT_BUNDLE_IDENTIFIER = com.Donat.MoviesTests;
				PRODUCT_NAME = "$(TARGET_NAME)";
				SWIFT_VERSION = 5.0;
				TARGETED_DEVICE_FAMILY = "1,2";
				TEST_HOST = "$(BUILT_PRODUCTS_DIR)/Movies.app/Movies";
			};
			name = Release;
		};
/* End XCBuildConfiguration section */

/* Begin XCConfigurationList section */
		0094CDCE251F2EBB007ECBBE /* Build configuration list for PBXProject "Movies" */ = {
			isa = XCConfigurationList;
			buildConfigurations = (
				0094CDE5251F2EBF007ECBBE /* Debug */,
				0094CDE6251F2EBF007ECBBE /* Release */,
			);
			defaultConfigurationIsVisible = 0;
			defaultConfigurationName = Release;
		};
		0094CDE7251F2EBF007ECBBE /* Build configuration list for PBXNativeTarget "Movies" */ = {
			isa = XCConfigurationList;
			buildConfigurations = (
				0094CDE8251F2EBF007ECBBE /* Debug */,
				0094CDE9251F2EBF007ECBBE /* Release */,
			);
			defaultConfigurationIsVisible = 0;
			defaultConfigurationName = Release;
		};
		0094CE4B252112BB007ECBBE /* Build configuration list for PBXNativeTarget "MoviesTests" */ = {
			isa = XCConfigurationList;
			buildConfigurations = (
				0094CE4C252112BB007ECBBE /* Debug */,
				0094CE4D252112BB007ECBBE /* Release */,
			);
			defaultConfigurationIsVisible = 0;
			defaultConfigurationName = Release;
		};
/* End XCConfigurationList section */
	};
	rootObject = 0094CDCB251F2EBB007ECBBE /* Project object */;
}
